# THIS IS AN AUTOGENERATED FILE. DO NOT EDIT THIS FILE DIRECTLY.
# yarn lockfile v1


image-clipper@^0.4.4:
  version "0.4.4"
  resolved "https://registry.yarnpkg.com/image-clipper/-/image-clipper-0.4.4.tgz#f03115ee59c5fde31259dbc4f6daceafad182dd2"
  integrity sha512-ukiEzCwRES9mrlrp16kRCIx0HGfa3C4LXUR9grf0ueyk06cU1WDpBiu2lwvSf+HvUOTG7uFXSZKf0b9bIsO81A==
